
Microsoft Visual Studio Solution File, Format Version 12.00
# Visual Studio 15
VisualStudioVersion = 15.0.27428.2043
MinimumVisualStudioVersion = 10.0.40219.1
Project("{FAE04EC0-301F-11D3-BF4B-00C04F79EFBC}") = "SammysAuto", "SammysAuto\SammysAuto.csproj", "{BB9C9304-0B05-48F5-B96C-4936EF71F4DC}"
EndProject
Global
	GlobalSection(SolutionConfigurationPlatforms) = preSolution
		Debug|Any CPU = Debug|Any CPU
		Release|Any CPU = Release|Any CPU
	EndGlobalSection
	GlobalSection(ProjectConfigurationPlatforms) = postSolution
		{BB9C9304-0B05-48F5-B96C-4936EF71F4DC}.Debug|Any CPU.ActiveCfg = Debug|Any CPU
		{BB9C9304-0B05-48F5-B96C-4936EF71F4DC}.Debug|Any CPU.Build.0 = Debug|Any CPU
		{BB9C9304-0B05-48F5-B96C-4936EF71F4DC}.Release|Any CPU.ActiveCfg = Release|Any CPU
		{BB9C9304-0B05-48F5-B96C-4936EF71F4DC}.Release|Any CPU.Build.0 = Release|Any CPU
	EndGlobalSection
	GlobalSection(SolutionProperties) = preSolution
		HideSolutionNode = FALSE
	EndGlobalSection
	GlobalSection(ExtensibilityGlobals) = postSolution
		SolutionGuid = {9843E698-2211-444F-ADA5-B63EB8E9A8CF}
	EndGlobalSection
EndGlobal
